
Microsoft Visual Studio Solution File, Format Version 12.00
# Visual Studio 14
VisualStudioVersion = 14.0.23107.0
MinimumVisualStudioVersion = 10.0.40219.1
Project("{2150E333-8FDC-42A3-9474-1A3956D46DE8}") = "src", "src", "{5BA66C4D-FCD1-40C7-80A5-9A1A274B91DC}"
EndProject
Project("{2150E333-8FDC-42A3-9474-1A3956D46DE8}") = "tests", "tests", "{70A653A7-7A63-4D45-834C-B2B0CEA6EEEA}"
EndProject
Project("{8BB2217D-0F2D-49D1-97BC-3654ED321F3B}") = "WOWSharp.Test", "tests\WOWSharp.Test\WOWSharp.Test.xproj", "{BBF6EE3A-BE1A-41AB-BDAB-19566D70CBD4}"
EndProject
Project("{2150E333-8FDC-42A3-9474-1A3956D46DE8}") = "Solution Items", "Solution Items", "{2D265034-4BE4-4212-97D5-8E181E6538AE}"
	ProjectSection(SolutionItems) = preProject
		.gitattributes = .gitattributes
		.gitignore = .gitignore
		global.json = global.json
		LICENSE.txt = LICENSE.txt
		README.md = README.md
		WOWSharp.sln.DotSettings = WOWSharp.sln.DotSettings
	EndProjectSection
EndProject
Project("{2150E333-8FDC-42A3-9474-1A3956D46DE8}") = "samples", "samples", "{38DD3707-9138-47CD-A2CA-0CF6575BA344}"
EndProject
Project("{8BB2217D-0F2D-49D1-97BC-3654ED321F3B}") = "WOWSharp.Web", "samples\WOWSharp.Web\WOWSharp.Web.xproj", "{4260E181-BAC4-40A7-8304-26AB125C09D1}"
EndProject
Project("{8BB2217D-0F2D-49D1-97BC-3654ED321F3B}") = "WOWSharp.AspNet.Authentication.BattleNet", "src\WOWSharp.AspNet.Authentication.BattleNet\WOWSharp.AspNet.Authentication.BattleNet.xproj", "{3F25A2EE-E41A-4EE7-B2B3-B9DA03D16CC4}"
EndProject
Project("{8BB2217D-0F2D-49D1-97BC-3654ED321F3B}") = "WOWSharp.Interfaces", "src\WOWSharp.Interfaces\WOWSharp.Interfaces.xproj", "{B7E9BF7F-32E4-473A-9613-E89EAEE2D4C8}"
EndProject
Project("{8BB2217D-0F2D-49D1-97BC-3654ED321F3B}") = "WOWSharp.Core", "src\WOWSharp.Core\WOWSharp.Core.xproj", "{2E556A0F-A07D-4994-87CF-F6EB3FF75D14}"
EndProject
Project("{8BB2217D-0F2D-49D1-97BC-3654ED321F3B}") = "WOWSharp.Warcraft", "src\WOWSharp.Warcraft\WOWSharp.Warcraft.xproj", "{A059FEB1-EAF8-4516-B2A9-6C8A43786C29}"
EndProject
Project("{8BB2217D-0F2D-49D1-97BC-3654ED321F3B}") = "WOWSharp", "src\WOWSharp\WOWSharp.xproj", "{47C0F5D2-AC37-424B-8A05-5ABF5FCF6471}"
EndProject
Project("{8BB2217D-0F2D-49D1-97BC-3654ED321F3B}") = "WOWSharp.BattleNet.Authenticator", "src\WOWSharp.BattleNet.Authenticator\WOWSharp.BattleNet.Authenticator.xproj", "{3827ABF9-F56D-4C32-8202-0E22FEC8A3D4}"
EndProject
Global
	GlobalSection(SolutionConfigurationPlatforms) = preSolution
		Debug|Any CPU = Debug|Any CPU
		Release|Any CPU = Release|Any CPU
	EndGlobalSection
	GlobalSection(ProjectConfigurationPlatforms) = postSolution
		{BBF6EE3A-BE1A-41AB-BDAB-19566D70CBD4}.Debug|Any CPU.ActiveCfg = Debug|Any CPU
		{BBF6EE3A-BE1A-41AB-BDAB-19566D70CBD4}.Debug|Any CPU.Build.0 = Debug|Any CPU
		{BBF6EE3A-BE1A-41AB-BDAB-19566D70CBD4}.Release|Any CPU.ActiveCfg = Release|Any CPU
		{BBF6EE3A-BE1A-41AB-BDAB-19566D70CBD4}.Release|Any CPU.Build.0 = Release|Any CPU
		{4260E181-BAC4-40A7-8304-26AB125C09D1}.Debug|Any CPU.ActiveCfg = Debug|Any CPU
		{4260E181-BAC4-40A7-8304-26AB125C09D1}.Debug|Any CPU.Build.0 = Debug|Any CPU
		{4260E181-BAC4-40A7-8304-26AB125C09D1}.Release|Any CPU.ActiveCfg = Release|Any CPU
		{4260E181-BAC4-40A7-8304-26AB125C09D1}.Release|Any CPU.Build.0 = Release|Any CPU
		{3F25A2EE-E41A-4EE7-B2B3-B9DA03D16CC4}.Debug|Any CPU.ActiveCfg = Debug|Any CPU
		{3F25A2EE-E41A-4EE7-B2B3-B9DA03D16CC4}.Debug|Any CPU.Build.0 = Debug|Any CPU
		{3F25A2EE-E41A-4EE7-B2B3-B9DA03D16CC4}.Release|Any CPU.ActiveCfg = Release|Any CPU
		{3F25A2EE-E41A-4EE7-B2B3-B9DA03D16CC4}.Release|Any CPU.Build.0 = Release|Any CPU
		{B7E9BF7F-32E4-473A-9613-E89EAEE2D4C8}.Debug|Any CPU.ActiveCfg = Debug|Any CPU
		{B7E9BF7F-32E4-473A-9613-E89EAEE2D4C8}.Debug|Any CPU.Build.0 = Debug|Any CPU
		{B7E9BF7F-32E4-473A-9613-E89EAEE2D4C8}.Release|Any CPU.ActiveCfg = Release|Any CPU
		{B7E9BF7F-32E4-473A-9613-E89EAEE2D4C8}.Release|Any CPU.Build.0 = Release|Any CPU
		{2E556A0F-A07D-4994-87CF-F6EB3FF75D14}.Debug|Any CPU.ActiveCfg = Debug|Any CPU
		{2E556A0F-A07D-4994-87CF-F6EB3FF75D14}.Debug|Any CPU.Build.0 = Debug|Any CPU
		{2E556A0F-A07D-4994-87CF-F6EB3FF75D14}.Release|Any CPU.ActiveCfg = Release|Any CPU
		{2E556A0F-A07D-4994-87CF-F6EB3FF75D14}.Release|Any CPU.Build.0 = Release|Any CPU
		{A059FEB1-EAF8-4516-B2A9-6C8A43786C29}.Debug|Any CPU.ActiveCfg = Debug|Any CPU
		{A059FEB1-EAF8-4516-B2A9-6C8A43786C29}.Debug|Any CPU.Build.0 = Debug|Any CPU
		{A059FEB1-EAF8-4516-B2A9-6C8A43786C29}.Release|Any CPU.ActiveCfg = Release|Any CPU
		{A059FEB1-EAF8-4516-B2A9-6C8A43786C29}.Release|Any CPU.Build.0 = Release|Any CPU
		{47C0F5D2-AC37-424B-8A05-5ABF5FCF6471}.Debug|Any CPU.ActiveCfg = Debug|Any CPU
		{47C0F5D2-AC37-424B-8A05-5ABF5FCF6471}.Debug|Any CPU.Build.0 = Debug|Any CPU
		{47C0F5D2-AC37-424B-8A05-5ABF5FCF6471}.Release|Any CPU.ActiveCfg = Release|Any CPU
		{47C0F5D2-AC37-424B-8A05-5ABF5FCF6471}.Release|Any CPU.Build.0 = Release|Any CPU
		{3827ABF9-F56D-4C32-8202-0E22FEC8A3D4}.Debug|Any CPU.ActiveCfg = Debug|Any CPU
		{3827ABF9-F56D-4C32-8202-0E22FEC8A3D4}.Debug|Any CPU.Build.0 = Debug|Any CPU
		{3827ABF9-F56D-4C32-8202-0E22FEC8A3D4}.Release|Any CPU.ActiveCfg = Release|Any CPU
		{3827ABF9-F56D-4C32-8202-0E22FEC8A3D4}.Release|Any CPU.Build.0 = Release|Any CPU
	EndGlobalSection
	GlobalSection(SolutionProperties) = preSolution
		HideSolutionNode = FALSE
	EndGlobalSection
	GlobalSection(NestedProjects) = preSolution
		{BBF6EE3A-BE1A-41AB-BDAB-19566D70CBD4} = {70A653A7-7A63-4D45-834C-B2B0CEA6EEEA}
		{4260E181-BAC4-40A7-8304-26AB125C09D1} = {38DD3707-9138-47CD-A2CA-0CF6575BA344}
		{3F25A2EE-E41A-4EE7-B2B3-B9DA03D16CC4} = {5BA66C4D-FCD1-40C7-80A5-9A1A274B91DC}
		{B7E9BF7F-32E4-473A-9613-E89EAEE2D4C8} = {5BA66C4D-FCD1-40C7-80A5-9A1A274B91DC}
		{2E556A0F-A07D-4994-87CF-F6EB3FF75D14} = {5BA66C4D-FCD1-40C7-80A5-9A1A274B91DC}
		{A059FEB1-EAF8-4516-B2A9-6C8A43786C29} = {5BA66C4D-FCD1-40C7-80A5-9A1A274B91DC}
		{47C0F5D2-AC37-424B-8A05-5ABF5FCF6471} = {5BA66C4D-FCD1-40C7-80A5-9A1A274B91DC}
		{3827ABF9-F56D-4C32-8202-0E22FEC8A3D4} = {5BA66C4D-FCD1-40C7-80A5-9A1A274B91DC}
	EndGlobalSection
EndGlobal
